
Microsoft Visual Studio Solution File, Format Version 12.00
# Visual Studio Version 17
VisualStudioVersion = 17.4.33110.190
MinimumVisualStudioVersion = 10.0.40219.1
Project("{FAE04EC0-301F-11D3-BF4B-00C04F79EFBC}") = "Engelstajn", "Engelstajn\Engelstajn.csproj", "{0F7CDFB0-70D9-436C-8F5C-F7AEE4E9FB9F}"
EndProject
Global
	GlobalSection(SolutionConfigurationPlatforms) = preSolution
		Debug|Any CPU = Debug|Any CPU
		Release|Any CPU = Release|Any CPU
	EndGlobalSection
	GlobalSection(ProjectConfigurationPlatforms) = postSolution
		{0F7CDFB0-70D9-436C-8F5C-F7AEE4E9FB9F}.Debug|Any CPU.ActiveCfg = Debug|Any CPU
		{0F7CDFB0-70D9-436C-8F5C-F7AEE4E9FB9F}.Debug|Any CPU.Build.0 = Debug|Any CPU
		{0F7CDFB0-70D9-436C-8F5C-F7AEE4E9FB9F}.Release|Any CPU.ActiveCfg = Release|Any CPU
		{0F7CDFB0-70D9-436C-8F5C-F7AEE4E9FB9F}.Release|Any CPU.Build.0 = Release|Any CPU
	EndGlobalSection
	GlobalSection(SolutionProperties) = preSolution
		HideSolutionNode = FALSE
	EndGlobalSection
	GlobalSection(ExtensibilityGlobals) = postSolution
		SolutionGuid = {84636DB0-ECF2-46FD-B590-60606F95546E}
	EndGlobalSection
EndGlobal
